
Microsoft Visual Studio Solution File, Format Version 12.00
# Visual Studio Version 16
VisualStudioVersion = 16.0.30907.101
MinimumVisualStudioVersion = 10.0.40219.1
Project("{9A19103F-16F7-4668-BE54-9A1E7A4F7556}") = "IndustrialUnitProvider", "IndustrialUnitProvider\IndustrialUnitProvider.csproj", "{CC24CA7B-3B26-4686-9D5E-F1B556F41461}"
EndProject
Project("{9A19103F-16F7-4668-BE54-9A1E7A4F7556}") = "IndustrialUnitDatabase", "IndustrialUnitDatabase\IndustrialUnitDatabase.csproj", "{51F47382-186C-460E-8B7F-100050D121A4}"
EndProject
Project("{9A19103F-16F7-4668-BE54-9A1E7A4F7556}") = "IndustrialUnitTest", "IndustrialUnitTest\IndustrialUnitTest.csproj", "{28F6ACAE-418C-4FAD-827B-6D9C7D0C0121}"
EndProject
Project("{9A19103F-16F7-4668-BE54-9A1E7A4F7556}") = "IndustrialUnit.Model", "IndustrialUnit.Model\IndustrialUnit.Model.csproj", "{66A5992A-C439-424A-8EC5-E27F24B454DC}"
EndProject
Project("{9A19103F-16F7-4668-BE54-9A1E7A4F7556}") = "IndustrialUnit.WpfUI", "IndustrialUnit.WpfUI\IndustrialUnit.WpfUI.csproj", "{7DF9B6EE-4C53-4871-BD9E-3984B0E4A1E4}"
EndProject
Project("{54435603-DBB4-11D2-8724-00A0C9A8B90C}") = "IndustrialUnitProvider.Installer", "IndustrialUnitProvider.Installer\IndustrialUnitProvider.Installer.vdproj", "{768C536B-40C3-4846-8E05-32ED48B1325F}"
EndProject
Global
	GlobalSection(SolutionConfigurationPlatforms) = preSolution
		Debug|Any CPU = Debug|Any CPU
		Release|Any CPU = Release|Any CPU
	EndGlobalSection
	GlobalSection(ProjectConfigurationPlatforms) = postSolution
		{CC24CA7B-3B26-4686-9D5E-F1B556F41461}.Debug|Any CPU.ActiveCfg = Debug|Any CPU
		{CC24CA7B-3B26-4686-9D5E-F1B556F41461}.Debug|Any CPU.Build.0 = Debug|Any CPU
		{CC24CA7B-3B26-4686-9D5E-F1B556F41461}.Release|Any CPU.ActiveCfg = Release|Any CPU
		{CC24CA7B-3B26-4686-9D5E-F1B556F41461}.Release|Any CPU.Build.0 = Release|Any CPU
		{51F47382-186C-460E-8B7F-100050D121A4}.Debug|Any CPU.ActiveCfg = Debug|Any CPU
		{51F47382-186C-460E-8B7F-100050D121A4}.Debug|Any CPU.Build.0 = Debug|Any CPU
		{51F47382-186C-460E-8B7F-100050D121A4}.Release|Any CPU.ActiveCfg = Release|Any CPU
		{51F47382-186C-460E-8B7F-100050D121A4}.Release|Any CPU.Build.0 = Release|Any CPU
		{28F6ACAE-418C-4FAD-827B-6D9C7D0C0121}.Debug|Any CPU.ActiveCfg = Debug|Any CPU
		{28F6ACAE-418C-4FAD-827B-6D9C7D0C0121}.Debug|Any CPU.Build.0 = Debug|Any CPU
		{28F6ACAE-418C-4FAD-827B-6D9C7D0C0121}.Release|Any CPU.ActiveCfg = Release|Any CPU
		{28F6ACAE-418C-4FAD-827B-6D9C7D0C0121}.Release|Any CPU.Build.0 = Release|Any CPU
		{66A5992A-C439-424A-8EC5-E27F24B454DC}.Debug|Any CPU.ActiveCfg = Debug|Any CPU
		{66A5992A-C439-424A-8EC5-E27F24B454DC}.Debug|Any CPU.Build.0 = Debug|Any CPU
		{66A5992A-C439-424A-8EC5-E27F24B454DC}.Release|Any CPU.ActiveCfg = Release|Any CPU
		{66A5992A-C439-424A-8EC5-E27F24B454DC}.Release|Any CPU.Build.0 = Release|Any CPU
		{7DF9B6EE-4C53-4871-BD9E-3984B0E4A1E4}.Debug|Any CPU.ActiveCfg = Debug|Any CPU
		{7DF9B6EE-4C53-4871-BD9E-3984B0E4A1E4}.Debug|Any CPU.Build.0 = Debug|Any CPU
		{7DF9B6EE-4C53-4871-BD9E-3984B0E4A1E4}.Release|Any CPU.ActiveCfg = Release|Any CPU
		{7DF9B6EE-4C53-4871-BD9E-3984B0E4A1E4}.Release|Any CPU.Build.0 = Release|Any CPU
		{768C536B-40C3-4846-8E05-32ED48B1325F}.Debug|Any CPU.ActiveCfg = Debug
		{768C536B-40C3-4846-8E05-32ED48B1325F}.Release|Any CPU.ActiveCfg = Release
		{768C536B-40C3-4846-8E05-32ED48B1325F}.Release|Any CPU.Build.0 = Release
	EndGlobalSection
	GlobalSection(SolutionProperties) = preSolution
		HideSolutionNode = FALSE
	EndGlobalSection
	GlobalSection(ExtensibilityGlobals) = postSolution
		SolutionGuid = {05A3D59E-A1A3-4031-AACB-01DDAC5E7AC3}
	EndGlobalSection
EndGlobal
